// !$*UTF8*$!
{
	archiveVersion = 1;
	classes = {
	};
	objectVersion = 46;
	objects = {

/* Begin PBXBuildFile section */
		C7D3F9101D26EA1E008A8353 /* AppDelegate.swift in Sources */ = {isa = PBXBuildFile; fileRef = C7D3F90F1D26EA1E008A8353 /* AppDelegate.swift */; };
		C7D3F9121D26EA1E008A8353 /* ViewController.swift in Sources */ = {isa = PBXBuildFile; fileRef = C7D3F9111D26EA1E008A8353 /* ViewController.swift */; };
		C7D3F9151D26EA1E008A8353 /* Main.storyboard in Resources */ = {isa = PBXBuildFile; fileRef = C7D3F9131D26EA1E008A8353 /* Main.storyboard */; };
		C7D3F9171D26EA1E008A8353 /* Assets.xcassets in Resources */ = {isa = PBXBuildFile; fileRef = C7D3F9161D26EA1E008A8353 /* Assets.xcassets */; };
		C7D3F91A1D26EA1E008A8353 /* LaunchScreen.storyboard in Resources */ = {isa = PBXBuildFile; fileRef = C7D3F9181D26EA1E008A8353 /* LaunchScreen.storyboard */; };
/* End PBXBuildFile section */

/* Begin PBXFileReference section */
		C7D3F90C1D26EA1E008A8353 /* Synonyme.app */ = {isa = PBXFileReference; explicitFileType = wrapper.application; includeInIndex = 0; path = Synonyme.app; sourceTree = BUILT_PRODUCTS_DIR; };
		C7D3F90F1D26EA1E008A8353 /* AppDelegate.swift */ = {isa = PBXFileReference; lastKnownFileType = sourcecode.swift; path = AppDelegate.swift; sourceTree = "<group>"; };
		C7D3F9111D26EA1E008A8353 /* ViewController.swift */ = {isa = PBXFileReference; lastKnownFileType = sourcecode.swift; path = ViewController.swift; sourceTree = "<group>"; };
		C7D3F9141D26EA1E008A8353 /* Base */ = {isa = PBXFileReference; lastKnownFileType = file.storyboard; name = Base; path = Base.lproj/Main.storyboard; sourceTree = "<group>"; };
		C7D3F9161D26EA1E008A8353 /* Assets.xcassets */ = {isa = PBXFileReference; lastKnownFileType = folder.assetcatalog; path = Assets.xcassets; sourceTree = "<group>"; };
		C7D3F9191D26EA1E008A8353 /* Base */ = {isa = PBXFileReference; lastKnownFileType = file.storyboard; name = Base; path = Base.lproj/LaunchScreen.storyboard; sourceTree = "<group>"; };
		C7D3F91B1D26EA1E008A8353 /* Info.plist */ = {isa = PBXFileReference; lastKnownFileType = text.plist.xml; path = Info.plist; sourceTree = "<group>"; };
/* End PBXFileReference section */

/* Begin PBXFrameworksBuildPhase section */
		C7D3F9091D26EA1E008A8353 /* Frameworks */ = {
			isa = PBXFrameworksBuildPhase;
			buildActionMask = 2147483647;
			files = (
			);
			runOnlyForDeploymentPostprocessing = 0;
		};
/* End PBXFrameworksBuildPhase section */

/* Begin PBXGroup section */
		C7D3F9031D26EA1D008A8353 = {
			isa = PBXGroup;
			children = (
				C7D3F90E1D26EA1E008A8353 /* Synonyme */,
				C7D3F90D1D26EA1E008A8353 /* Products */,
			);
			sourceTree = "<group>";
		};
		C7D3F90D1D26EA1E008A8353 /* Products */ = {
			isa = PBXGroup;
			children = (
				C7D3F90C1D26EA1E008A8353 /* Synonyme.app */,
			);
			name = Products;
			sourceTree = "<group>";
		};
		C7D3F90E1D26EA1E008A8353 /* Synonyme */ = {
			isa = PBXGroup;
			children = (
				C7D3F90F1D26EA1E008A8353 /* AppDelegate.swift */,
				C7D3F9111D26EA1E008A8353 /* ViewController.swift */,
				C7D3F9131D26EA1E008A8353 /* Main.storyboard */,
				C7D3F9161D26EA1E008A8353 /* Assets.xcassets */,
				C7D3F9181D26EA1E008A8353 /* LaunchScreen.storyboard */,
				C7D3F91B1D26EA1E008A8353 /* Info.plist */,
			);
			path = Synonyme;
			sourceTree = "<group>";
		};
/* End PBXGroup section */

/* Begin PBXNativeTarget section */
		C7D3F90B1D26EA1E008A8353 /* Synonyme */ = {
			isa = PBXNativeTarget;
			buildConfigurationList = C7D3F91E1D26EA1E008A8353 /* Build configuration list for PBXNativeTarget "Synonyme" */;
			buildPhases = (
				C7D3F9081D26EA1E008A8353 /* Sources */,
				C7D3F9091D26EA1E008A8353 /* Frameworks */,
				C7D3F90A1D26EA1E008A8353 /* Resources */,
			);
			buildRules = (
			);
			dependencies = (
			);
			name = Synonyme;
			productName = Synonyme;
			productReference = C7D3F90C1D26EA1E008A8353 /* Synonyme.app */;
			productType = "com.apple.product-type.application";
		};
/* End PBXNativeTarget section */

/* Begin PBXProject section */
		C7D3F9041D26EA1D008A8353 /* Project object */ = {
			isa = PBXProject;
			attributes = {
				LastSwiftUpdateCheck = 0730;
				LastUpgradeCheck = 0730;
				ORGANIZATIONNAME = "Lars Lengersdorf";
				TargetAttributes = {
					C7D3F90B1D26EA1E008A8353 = {
						CreatedOnToolsVersion = 7.3.1;
						DevelopmentTeam = 2T76K8E24Z;
					};
				};
			};
			buildConfigurationList = C7D3F9071D26EA1D008A8353 /* Build configuration list for PBXProject "Synonyme" */;
			compatibilityVersion = "Xcode 3.2";
			developmentRegion = English;
			hasScannedForEncodings = 0;
			knownRegions = (
				en,
				Base,
			);
			mainGroup = C7D3F9031D26EA1D008A8353;
			productRefGroup = C7D3F90D1D26EA1E008A8353 /* Products */;
			projectDirPath = "";
			projectRoot = "";
			targets = (
				C7D3F90B1D26EA1E008A8353 /* Synonyme */,
			);
		};
/* End PBXProject section */

/* Begin PBXResourcesBuildPhase section */
		C7D3F90A1D26EA1E008A8353 /* Resources */ = {
			isa = PBXResourcesBuildPhase;
			buildActionMask = 2147483647;
			files = (
				C7D3F91A1D26EA1E008A8353 /* LaunchScreen.storyboard in Resources */,
				C7D3F9171D26EA1E008A8353 /* Assets.xcassets in Resources */,
				C7D3F9151D26EA1E008A8353 /* Main.storyboard in Resources */,
			);
			runOnlyForDeploymentPostprocessing = 0;
		};
/* End PBXResourcesBuildPhase section */

/* Begin PBXSourcesBuildPhase section */
		C7D3F9081D26EA1E008A8353 /* Sources */ = {
			isa = PBXSourcesBuildPhase;
			buildActionMask = 2147483647;
			files = (
				C7D3F9121D26EA1E008A8353 /* ViewController.swift in Sources */,
				C7D3F9101D26EA1E008A8353 /* AppDelegate.swift in Sources */,
			);
			runOnlyForDeploymentPostprocessing = 0;
		};
/* End PBXSourcesBuildPhase section */

/* Begin PBXVariantGroup section */
		C7D3F9131D26EA1E008A8353 /* Main.storyboard */ = {
			isa = PBXVariantGroup;
			children = (
				C7D3F9141D26EA1E008A8353 /* Base */,
			);
			name = Main.storyboard;
			sourceTree = "<group>";
		};
		C7D3F9181D26EA1E008A8353 /* LaunchScreen.storyboard */ = {
			isa = PBXVariantGroup;
			children = (
				C7D3F9191D26EA1E008A8353 /* Base */,
			);
			name = LaunchScreen.storyboard;
			sourceTree = "<group>";
		};
/* End PBXVariantGroup section */

/* Begin XCBuildConfiguration section */
		C7D3F91C1D26EA1E008A8353 /* Debug */ = {
			isa = XCBuildConfiguration;
			buildSettings = {
				ALWAYS_SEARCH_USER_PATHS = NO;
				CLANG_ANALYZER_NONNULL = YES;
				CLANG_CXX_LANGUAGE_STANDARD = "gnu++0x";
				CLANG_CXX_LIBRARY = "libc++";
				CLANG_ENABLE_MODULES = YES;
				CLANG_ENABLE_OBJC_ARC = YES;
				CLANG_WARN_BOOL_CONVERSION = YES;
				CLANG_WARN_CONSTANT_CONVERSION = YES;
				CLANG_WARN_DIRECT_OBJC_ISA_USAGE = YES_ERROR;
				CLANG_WARN_EMPTY_BODY = YES;
				CLANG_WARN_ENUM_CONVERSION = YES;
				CLANG_WARN_INT_CONVERSION = YES;
				CLANG_WARN_OBJC_ROOT_CLASS = YES_ERROR;
				CLANG_WARN_UNREACHABLE_CODE = YES;
				CLANG_WARN__DUPLICATE_METHOD_MATCH = YES;
				"CODE_SIGN_IDENTITY[sdk=iphoneos*]" = "iPhone Developer";
				COPY_PHASE_STRIP = NO;
				DEBUG_INFORMATION_FORMAT = dwarf;
				ENABLE_STRICT_OBJC_MSGSEND = YES;
				ENABLE_TESTABILITY = YES;
				GCC_C_LANGUAGE_STANDARD = gnu99;
				GCC_DYNAMIC_NO_PIC = NO;
				GCC_NO_COMMON_BLOCKS = YES;
				GCC_OPTIMIZATION_LEVEL = 0;
				GCC_PREPROCESSOR_DEFINITIONS = (
					"DEBUG=1",
					"$(inherited)",
				);
				GCC_WARN_64_TO_32_BIT_CONVERSION = YES;
				GCC_WARN_ABOUT_RETURN_TYPE = YES_ERROR;
				GCC_WARN_UNDECLARED_SELECTOR = YES;
				GCC_WARN_UNINITIALIZED_AUTOS = YES_AGGRESSIVE;
				GCC_WARN_UNUSED_FUNCTION = YES;
				GCC_WARN_UNUSED_VARIABLE = YES;
				IPHONEOS_DEPLOYMENT_TARGET = 9.3;
				MTL_ENABLE_DEBUG_INFO = YES;
				ONLY_ACTIVE_ARCH = YES;
				SDKROOT = iphoneos;
				SWIFT_OPTIMIZATION_LEVEL = "-Onone";
				TARGETED_DEVICE_FAMILY = "1,2";
			};
			name = Debug;
		};
		C7D3F91D1D26EA1E008A8353 /* Release */ = {
			isa = XCBuildConfiguration;
			buildSettings = {
				ALWAYS_SEARCH_USER_PATHS = NO;
				CLANG_ANALYZER_NONNULL = YES;
				CLANG_CXX_LANGUAGE_STANDARD = "gnu++0x";
				CLANG_CXX_LIBRARY = "libc++";
				CLANG_ENABLE_MODULES = YES;
				CLANG_ENABLE_OBJC_ARC = YES;
				CLANG_WARN_BOOL_CONVERSION = YES;
				CLANG_WARN_CONSTANT_CONVERSION = YES;
				CLANG_WARN_DIRECT_OBJC_ISA_USAGE = YES_ERROR;
				CLANG_WARN_EMPTY_BODY = YES;
				CLANG_WARN_ENUM_CONVERSION = YES;
				CLANG_WARN_INT_CONVERSION = YES;
				CLANG_WARN_OBJC_ROOT_CLASS = YES_ERROR;
				CLANG_WARN_UNREACHABLE_CODE = YES;
				CLANG_WARN__DUPLICATE_METHOD_MATCH = YES;
				"CODE_SIGN_IDENTITY[sdk=iphoneos*]" = "iPhone Developer";
				COPY_PHASE_STRIP = NO;
				DEBUG_INFORMATION_FORMAT = "dwarf-with-dsym";
				ENABLE_NS_ASSERTIONS = NO;
				ENABLE_STRICT_OBJC_MSGSEND = YES;
				GCC_C_LANGUAGE_STANDARD = gnu99;
				GCC_NO_COMMON_BLOCKS = YES;
				GCC_WARN_64_TO_32_BIT_CONVERSION = YES;
				GCC_WARN_ABOUT_RETURN_TYPE = YES_ERROR;
				GCC_WARN_UNDECLARED_SELECTOR = YES;
				GCC_WARN_UNINITIALIZED_AUTOS = YES_AGGRESSIVE;
				GCC_WARN_UNUSED_FUNCTION = YES;
				GCC_WARN_UNUSED_VARIABLE = YES;
				IPHONEOS_DEPLOYMENT_TARGET = 9.3;
				MTL_ENABLE_DEBUG_INFO = NO;
				SDKROOT = iphoneos;
				TARGETED_DEVICE_FAMILY = "1,2";
				VALIDATE_PRODUCT = YES;
			};
			name = Release;
		};
		C7D3F91F1D26EA1E008A8353 /* Debug */ = {
			isa = XCBuildConfiguration;
			buildSettings = {
				ASSETCATALOG_COMPILER_APPICON_NAME = AppIcon;
				CODE_SIGN_IDENTITY = "iPhone Developer";
				INFOPLIST_FILE = Synonyme/Info.plist;
				LD_RUNPATH_SEARCH_PATHS = "$(inherited) @executable_path/Frameworks";
				PRODUCT_BUNDLE_IDENTIFIER = de.fromcologneto3dot.Synonyme;
				PRODUCT_NAME = "$(TARGET_NAME)";
			};
			name = Debug;
		};
		C7D3F9201D26EA1E008A8353 /* Release */ = {
			isa = XCBuildConfiguration;
			buildSettings = {
				ASSETCATALOG_COMPILER_APPICON_NAME = AppIcon;
				CODE_SIGN_IDENTITY = "iPhone Developer";
				INFOPLIST_FILE = Synonyme/Info.plist;
				LD_RUNPATH_SEARCH_PATHS = "$(inherited) @executable_path/Frameworks";
				PRODUCT_BUNDLE_IDENTIFIER = de.fromcologneto3dot.Synonyme;
				PRODUCT_NAME = "$(TARGET_NAME)";
			};
			name = Release;
		};
/* End XCBuildConfiguration section */

/* Begin XCConfigurationList section */
		C7D3F9071D26EA1D008A8353 /* Build configuration list for PBXProject "Synonyme" */ = {
			isa = XCConfigurationList;
			buildConfigurations = (
				C7D3F91C1D26EA1E008A8353 /* Debug */,
				C7D3F91D1D26EA1E008A8353 /* Release */,
			);
			defaultConfigurationIsVisible = 0;
			defaultConfigurationName = Release;
		};
		C7D3F91E1D26EA1E008A8353 /* Build configuration list for PBXNativeTarget "Synonyme" */ = {
			isa = XCConfigurationList;
			buildConfigurations = (
				C7D3F91F1D26EA1E008A8353 /* Debug */,
				C7D3F9201D26EA1E008A8353 /* Release */,
			);
			defaultConfigurationIsVisible = 0;
		};
/* End XCConfigurationList section */
	};
	rootObject = C7D3F9041D26EA1D008A8353 /* Project object */;
}
